
Microsoft Visual Studio Solution File, Format Version 12.00
Project("{FAE04EC0-301F-11D3-BF4B-00C04F79EFBC}") = "BankInterface", "BankInterface\BankInterface.csproj", "{AAA95357-C974-495F-97E5-3668B1D00FC7}"
EndProject
Global
	GlobalSection(SolutionConfigurationPlatforms) = preSolution
		Debug|Any CPU = Debug|Any CPU
		Release|Any CPU = Release|Any CPU
	EndGlobalSection
	GlobalSection(ProjectConfigurationPlatforms) = postSolution
		{AAA95357-C974-495F-97E5-3668B1D00FC7}.Debug|Any CPU.ActiveCfg = Debug|Any CPU
		{AAA95357-C974-495F-97E5-3668B1D00FC7}.Debug|Any CPU.Build.0 = Debug|Any CPU
		{AAA95357-C974-495F-97E5-3668B1D00FC7}.Release|Any CPU.ActiveCfg = Release|Any CPU
		{AAA95357-C974-495F-97E5-3668B1D00FC7}.Release|Any CPU.Build.0 = Release|Any CPU
	EndGlobalSection
EndGlobal
